
Microsoft Visual Studio Solution File, Format Version 12.00
# Visual Studio Version 16
Project("{8BC9CEB8-8B4A-11D0-8D11-00A0C91BC942}") = "ALL_BUILD", "ALL_BUILD.vcxproj", "{1A13B0FE-ED08-3150-849E-CAE95D30FFE1}"
	ProjectSection(ProjectDependencies) = postProject
		{8FB07A55-2EB2-3A25-B0EB-BA3F264F665A} = {8FB07A55-2EB2-3A25-B0EB-BA3F264F665A}
		{1FB71C0E-7C7B-30F6-9275-107FBD843E35} = {1FB71C0E-7C7B-30F6-9275-107FBD843E35}
		{656F98D5-4A7F-3910-BE50-C447A6A54080} = {656F98D5-4A7F-3910-BE50-C447A6A54080}
		{8D727083-E7CE-3C9C-999A-D5D0D0E3F125} = {8D727083-E7CE-3C9C-999A-D5D0D0E3F125}
		{A131924F-2C89-3FD3-A4DD-ED703D74D2E6} = {A131924F-2C89-3FD3-A4DD-ED703D74D2E6}
		{49C016C0-23EA-39EF-B719-4A2F5B13AF97} = {49C016C0-23EA-39EF-B719-4A2F5B13AF97}
		{24CFA0A2-F7CD-304E-906D-9EF3C0B6E2E1} = {24CFA0A2-F7CD-304E-906D-9EF3C0B6E2E1}
		{7B5694BE-D581-3FF6-9B87-1965ECBCCEFC} = {7B5694BE-D581-3FF6-9B87-1965ECBCCEFC}
		{51FE206E-B492-3A18-8021-0FBCCB83E51B} = {51FE206E-B492-3A18-8021-0FBCCB83E51B}
		{5D8FE42C-617B-3FCB-80ED-03EDB7135C8B} = {5D8FE42C-617B-3FCB-80ED-03EDB7135C8B}
		{511CC4A1-8108-3E72-9C0C-F902FAB16526} = {511CC4A1-8108-3E72-9C0C-F902FAB16526}
		{89F03EF8-9DE2-3EB6-A133-DA1866462CAB} = {89F03EF8-9DE2-3EB6-A133-DA1866462CAB}
		{640B7DCC-1FF2-33D1-90A4-EA119D2A898B} = {640B7DCC-1FF2-33D1-90A4-EA119D2A898B}
		{2922B174-790C-3C67-AF6C-B2D469988953} = {2922B174-790C-3C67-AF6C-B2D469988953}
		{265BC9A8-CBD9-3C85-861F-85E1697445F8} = {265BC9A8-CBD9-3C85-861F-85E1697445F8}
		{01005651-5793-3C0D-B055-F2548C66F53D} = {01005651-5793-3C0D-B055-F2548C66F53D}
		{E6B49E71-F43B-30DA-9CF6-F9DFE9364B97} = {E6B49E71-F43B-30DA-9CF6-F9DFE9364B97}
		{CC77E1F4-D9D9-3B9E-8D55-D78235E9D410} = {CC77E1F4-D9D9-3B9E-8D55-D78235E9D410}
		{ADAA7229-B08A-3833-9B7A-8223D1B90270} = {ADAA7229-B08A-3833-9B7A-8223D1B90270}
		{4F25CB92-8328-3D94-8610-40AD39468CED} = {4F25CB92-8328-3D94-8610-40AD39468CED}
		{67B8195D-736B-39FA-8AF4-F0EC88CB0C09} = {67B8195D-736B-39FA-8AF4-F0EC88CB0C09}
		{8F945835-6006-3336-8AE1-0EB99966D60C} = {8F945835-6006-3336-8AE1-0EB99966D60C}
		{92C06919-0909-3235-93C5-8A52F7026CCB} = {92C06919-0909-3235-93C5-8A52F7026CCB}
		{DBB58BBB-7149-30CF-9796-D5790AF26F11} = {DBB58BBB-7149-30CF-9796-D5790AF26F11}
		{4489CB7B-BFBE-32C0-84BA-1EFECBC3CCDE} = {4489CB7B-BFBE-32C0-84BA-1EFECBC3CCDE}
		{55954E57-8973-3F6D-AD98-C1AF99BB3C00} = {55954E57-8973-3F6D-AD98-C1AF99BB3C00}
		{3E70F915-8086-320C-9D5F-2019F986E29B} = {3E70F915-8086-320C-9D5F-2019F986E29B}
		{3DDC1563-4900-3B5A-9B4C-D00B2A36C624} = {3DDC1563-4900-3B5A-9B4C-D00B2A36C624}
	EndProjectSection
EndProject
Project("{8BC9CEB8-8B4A-11D0-8D11-00A0C91BC942}") = "DataLoadCSV", "plotjuggler_plugins\DataLoadCSV\DataLoadCSV.vcxproj", "{8FB07A55-2EB2-3A25-B0EB-BA3F264F665A}"
	ProjectSection(ProjectDependencies) = postProject
		{89F03EF8-9DE2-3EB6-A133-DA1866462CAB} = {89F03EF8-9DE2-3EB6-A133-DA1866462CAB}
		{01005651-5793-3C0D-B055-F2548C66F53D} = {01005651-5793-3C0D-B055-F2548C66F53D}
		{67B8195D-736B-39FA-8AF4-F0EC88CB0C09} = {67B8195D-736B-39FA-8AF4-F0EC88CB0C09}
		{DBB58BBB-7149-30CF-9796-D5790AF26F11} = {DBB58BBB-7149-30CF-9796-D5790AF26F11}
		{4489CB7B-BFBE-32C0-84BA-1EFECBC3CCDE} = {4489CB7B-BFBE-32C0-84BA-1EFECBC3CCDE}
	EndProjectSection
EndProject
Project("{8BC9CEB8-8B4A-11D0-8D11-00A0C91BC942}") = "DataLoadMCAP", "plotjuggler_plugins\DataLoadMCAP\DataLoadMCAP.vcxproj", "{1FB71C0E-7C7B-30F6-9275-107FBD843E35}"
	ProjectSection(ProjectDependencies) = postProject
		{01005651-5793-3C0D-B055-F2548C66F53D} = {01005651-5793-3C0D-B055-F2548C66F53D}
		{4F25CB92-8328-3D94-8610-40AD39468CED} = {4F25CB92-8328-3D94-8610-40AD39468CED}
		{67B8195D-736B-39FA-8AF4-F0EC88CB0C09} = {67B8195D-736B-39FA-8AF4-F0EC88CB0C09}
		{8F945835-6006-3336-8AE1-0EB99966D60C} = {8F945835-6006-3336-8AE1-0EB99966D60C}
		{DBB58BBB-7149-30CF-9796-D5790AF26F11} = {DBB58BBB-7149-30CF-9796-D5790AF26F11}
		{4489CB7B-BFBE-32C0-84BA-1EFECBC3CCDE} = {4489CB7B-BFBE-32C0-84BA-1EFECBC3CCDE}
	EndProjectSection
EndProject
Project("{8BC9CEB8-8B4A-11D0-8D11-00A0C91BC942}") = "DataLoadULog", "plotjuggler_plugins\DataLoadULog\DataLoadULog.vcxproj", "{656F98D5-4A7F-3910-BE50-C447A6A54080}"
	ProjectSection(ProjectDependencies) = postProject
		{01005651-5793-3C0D-B055-F2548C66F53D} = {01005651-5793-3C0D-B055-F2548C66F53D}
		{67B8195D-736B-39FA-8AF4-F0EC88CB0C09} = {67B8195D-736B-39FA-8AF4-F0EC88CB0C09}
		{DBB58BBB-7149-30CF-9796-D5790AF26F11} = {DBB58BBB-7149-30CF-9796-D5790AF26F11}
		{4489CB7B-BFBE-32C0-84BA-1EFECBC3CCDE} = {4489CB7B-BFBE-32C0-84BA-1EFECBC3CCDE}
	EndProjectSection
EndProject
Project("{8BC9CEB8-8B4A-11D0-8D11-00A0C91BC942}") = "DataStreamSample", "plotjuggler_plugins\DataStreamSample\DataStreamSample.vcxproj", "{8D727083-E7CE-3C9C-999A-D5D0D0E3F125}"
	ProjectSection(ProjectDependencies) = postProject
		{01005651-5793-3C0D-B055-F2548C66F53D} = {01005651-5793-3C0D-B055-F2548C66F53D}
		{67B8195D-736B-39FA-8AF4-F0EC88CB0C09} = {67B8195D-736B-39FA-8AF4-F0EC88CB0C09}
		{DBB58BBB-7149-30CF-9796-D5790AF26F11} = {DBB58BBB-7149-30CF-9796-D5790AF26F11}
		{4489CB7B-BFBE-32C0-84BA-1EFECBC3CCDE} = {4489CB7B-BFBE-32C0-84BA-1EFECBC3CCDE}
	EndProjectSection
EndProject
Project("{8BC9CEB8-8B4A-11D0-8D11-00A0C91BC942}") = "DataStreamUDP", "plotjuggler_plugins\DataStreamUDP\DataStreamUDP.vcxproj", "{A131924F-2C89-3FD3-A4DD-ED703D74D2E6}"
	ProjectSection(ProjectDependencies) = postProject
		{01005651-5793-3C0D-B055-F2548C66F53D} = {01005651-5793-3C0D-B055-F2548C66F53D}
		{67B8195D-736B-39FA-8AF4-F0EC88CB0C09} = {67B8195D-736B-39FA-8AF4-F0EC88CB0C09}
		{DBB58BBB-7149-30CF-9796-D5790AF26F11} = {DBB58BBB-7149-30CF-9796-D5790AF26F11}
		{4489CB7B-BFBE-32C0-84BA-1EFECBC3CCDE} = {4489CB7B-BFBE-32C0-84BA-1EFECBC3CCDE}
	EndProjectSection
EndProject
Project("{8BC9CEB8-8B4A-11D0-8D11-00A0C91BC942}") = "DataStreamWebSocket", "plotjuggler_plugins\DataStreamWebsocket\DataStreamWebSocket.vcxproj", "{49C016C0-23EA-39EF-B719-4A2F5B13AF97}"
	ProjectSection(ProjectDependencies) = postProject
		{01005651-5793-3C0D-B055-F2548C66F53D} = {01005651-5793-3C0D-B055-F2548C66F53D}
		{67B8195D-736B-39FA-8AF4-F0EC88CB0C09} = {67B8195D-736B-39FA-8AF4-F0EC88CB0C09}
		{DBB58BBB-7149-30CF-9796-D5790AF26F11} = {DBB58BBB-7149-30CF-9796-D5790AF26F11}
		{4489CB7B-BFBE-32C0-84BA-1EFECBC3CCDE} = {4489CB7B-BFBE-32C0-84BA-1EFECBC3CCDE}
	EndProjectSection
EndProject
Project("{8BC9CEB8-8B4A-11D0-8D11-00A0C91BC942}") = "INSTALL", "INSTALL.vcxproj", "{D11653DE-437F-38F1-B39E-B569E2FA7127}"
	ProjectSection(ProjectDependencies) = postProject
		{1A13B0FE-ED08-3150-849E-CAE95D30FFE1} = {1A13B0FE-ED08-3150-849E-CAE95D30FFE1}
		{01005651-5793-3C0D-B055-F2548C66F53D} = {01005651-5793-3C0D-B055-F2548C66F53D}
	EndProjectSection
EndProject
Project("{8BC9CEB8-8B4A-11D0-8D11-00A0C91BC942}") = "ParserDataTamer", "plotjuggler_plugins\ParserDataTamer\ParserDataTamer.vcxproj", "{24CFA0A2-F7CD-304E-906D-9EF3C0B6E2E1}"
	ProjectSection(ProjectDependencies) = postProject
		{01005651-5793-3C0D-B055-F2548C66F53D} = {01005651-5793-3C0D-B055-F2548C66F53D}
		{67B8195D-736B-39FA-8AF4-F0EC88CB0C09} = {67B8195D-736B-39FA-8AF4-F0EC88CB0C09}
		{DBB58BBB-7149-30CF-9796-D5790AF26F11} = {DBB58BBB-7149-30CF-9796-D5790AF26F11}
		{4489CB7B-BFBE-32C0-84BA-1EFECBC3CCDE} = {4489CB7B-BFBE-32C0-84BA-1EFECBC3CCDE}
	EndProjectSection
EndProject
Project("{8BC9CEB8-8B4A-11D0-8D11-00A0C91BC942}") = "ParserLineInflux", "plotjuggler_plugins\ParserLineInflux\ParserLineInflux.vcxproj", "{7B5694BE-D581-3FF6-9B87-1965ECBCCEFC}"
	ProjectSection(ProjectDependencies) = postProject
		{01005651-5793-3C0D-B055-F2548C66F53D} = {01005651-5793-3C0D-B055-F2548C66F53D}
		{67B8195D-736B-39FA-8AF4-F0EC88CB0C09} = {67B8195D-736B-39FA-8AF4-F0EC88CB0C09}
		{DBB58BBB-7149-30CF-9796-D5790AF26F11} = {DBB58BBB-7149-30CF-9796-D5790AF26F11}
		{4489CB7B-BFBE-32C0-84BA-1EFECBC3CCDE} = {4489CB7B-BFBE-32C0-84BA-1EFECBC3CCDE}
	EndProjectSection
EndProject
Project("{8BC9CEB8-8B4A-11D0-8D11-00A0C91BC942}") = "ParserROS1", "plotjuggler_plugins\ParserROS\ParserROS1.vcxproj", "{51FE206E-B492-3A18-8021-0FBCCB83E51B}"
	ProjectSection(ProjectDependencies) = postProject
		{01005651-5793-3C0D-B055-F2548C66F53D} = {01005651-5793-3C0D-B055-F2548C66F53D}
		{CC77E1F4-D9D9-3B9E-8D55-D78235E9D410} = {CC77E1F4-D9D9-3B9E-8D55-D78235E9D410}
		{67B8195D-736B-39FA-8AF4-F0EC88CB0C09} = {67B8195D-736B-39FA-8AF4-F0EC88CB0C09}
		{DBB58BBB-7149-30CF-9796-D5790AF26F11} = {DBB58BBB-7149-30CF-9796-D5790AF26F11}
		{4489CB7B-BFBE-32C0-84BA-1EFECBC3CCDE} = {4489CB7B-BFBE-32C0-84BA-1EFECBC3CCDE}
		{3DDC1563-4900-3B5A-9B4C-D00B2A36C624} = {3DDC1563-4900-3B5A-9B4C-D00B2A36C624}
	EndProjectSection
EndProject
Project("{8BC9CEB8-8B4A-11D0-8D11-00A0C91BC942}") = "ParserROS2", "plotjuggler_plugins\ParserROS\ParserROS2.vcxproj", "{5D8FE42C-617B-3FCB-80ED-03EDB7135C8B}"
	ProjectSection(ProjectDependencies) = postProject
		{01005651-5793-3C0D-B055-F2548C66F53D} = {01005651-5793-3C0D-B055-F2548C66F53D}
		{CC77E1F4-D9D9-3B9E-8D55-D78235E9D410} = {CC77E1F4-D9D9-3B9E-8D55-D78235E9D410}
		{67B8195D-736B-39FA-8AF4-F0EC88CB0C09} = {67B8195D-736B-39FA-8AF4-F0EC88CB0C09}
		{DBB58BBB-7149-30CF-9796-D5790AF26F11} = {DBB58BBB-7149-30CF-9796-D5790AF26F11}
		{4489CB7B-BFBE-32C0-84BA-1EFECBC3CCDE} = {4489CB7B-BFBE-32C0-84BA-1EFECBC3CCDE}
		{3DDC1563-4900-3B5A-9B4C-D00B2A36C624} = {3DDC1563-4900-3B5A-9B4C-D00B2A36C624}
	EndProjectSection
EndProject
Project("{8BC9CEB8-8B4A-11D0-8D11-00A0C91BC942}") = "PublisherCSV", "plotjuggler_plugins\StatePublisherCSV\PublisherCSV.vcxproj", "{511CC4A1-8108-3E72-9C0C-F902FAB16526}"
	ProjectSection(ProjectDependencies) = postProject
		{01005651-5793-3C0D-B055-F2548C66F53D} = {01005651-5793-3C0D-B055-F2548C66F53D}
		{67B8195D-736B-39FA-8AF4-F0EC88CB0C09} = {67B8195D-736B-39FA-8AF4-F0EC88CB0C09}
		{DBB58BBB-7149-30CF-9796-D5790AF26F11} = {DBB58BBB-7149-30CF-9796-D5790AF26F11}
		{4489CB7B-BFBE-32C0-84BA-1EFECBC3CCDE} = {4489CB7B-BFBE-32C0-84BA-1EFECBC3CCDE}
	EndProjectSection
EndProject
Project("{8BC9CEB8-8B4A-11D0-8D11-00A0C91BC942}") = "QCodeEditor", "3rdparty\QCodeEditor\QCodeEditor.vcxproj", "{89F03EF8-9DE2-3EB6-A133-DA1866462CAB}"
	ProjectSection(ProjectDependencies) = postProject
		{01005651-5793-3C0D-B055-F2548C66F53D} = {01005651-5793-3C0D-B055-F2548C66F53D}
	EndProjectSection
EndProject
Project("{8BC9CEB8-8B4A-11D0-8D11-00A0C91BC942}") = "ToolboxFFT", "plotjuggler_plugins\ToolboxFFT\ToolboxFFT.vcxproj", "{640B7DCC-1FF2-33D1-90A4-EA119D2A898B}"
	ProjectSection(ProjectDependencies) = postProject
		{01005651-5793-3C0D-B055-F2548C66F53D} = {01005651-5793-3C0D-B055-F2548C66F53D}
		{ADAA7229-B08A-3833-9B7A-8223D1B90270} = {ADAA7229-B08A-3833-9B7A-8223D1B90270}
		{67B8195D-736B-39FA-8AF4-F0EC88CB0C09} = {67B8195D-736B-39FA-8AF4-F0EC88CB0C09}
		{DBB58BBB-7149-30CF-9796-D5790AF26F11} = {DBB58BBB-7149-30CF-9796-D5790AF26F11}
		{4489CB7B-BFBE-32C0-84BA-1EFECBC3CCDE} = {4489CB7B-BFBE-32C0-84BA-1EFECBC3CCDE}
	EndProjectSection
EndProject
Project("{8BC9CEB8-8B4A-11D0-8D11-00A0C91BC942}") = "ToolboxLuaEditor", "plotjuggler_plugins\ToolboxLuaEditor\ToolboxLuaEditor.vcxproj", "{2922B174-790C-3C67-AF6C-B2D469988953}"
	ProjectSection(ProjectDependencies) = postProject
		{89F03EF8-9DE2-3EB6-A133-DA1866462CAB} = {89F03EF8-9DE2-3EB6-A133-DA1866462CAB}
		{01005651-5793-3C0D-B055-F2548C66F53D} = {01005651-5793-3C0D-B055-F2548C66F53D}
		{67B8195D-736B-39FA-8AF4-F0EC88CB0C09} = {67B8195D-736B-39FA-8AF4-F0EC88CB0C09}
		{DBB58BBB-7149-30CF-9796-D5790AF26F11} = {DBB58BBB-7149-30CF-9796-D5790AF26F11}
		{4489CB7B-BFBE-32C0-84BA-1EFECBC3CCDE} = {4489CB7B-BFBE-32C0-84BA-1EFECBC3CCDE}
	EndProjectSection
EndProject
Project("{8BC9CEB8-8B4A-11D0-8D11-00A0C91BC942}") = "ToolboxQuaternion", "plotjuggler_plugins\ToolboxQuaternion\ToolboxQuaternion.vcxproj", "{265BC9A8-CBD9-3C85-861F-85E1697445F8}"
	ProjectSection(ProjectDependencies) = postProject
		{01005651-5793-3C0D-B055-F2548C66F53D} = {01005651-5793-3C0D-B055-F2548C66F53D}
		{67B8195D-736B-39FA-8AF4-F0EC88CB0C09} = {67B8195D-736B-39FA-8AF4-F0EC88CB0C09}
		{DBB58BBB-7149-30CF-9796-D5790AF26F11} = {DBB58BBB-7149-30CF-9796-D5790AF26F11}
		{4489CB7B-BFBE-32C0-84BA-1EFECBC3CCDE} = {4489CB7B-BFBE-32C0-84BA-1EFECBC3CCDE}
	EndProjectSection
EndProject
Project("{8BC9CEB8-8B4A-11D0-8D11-00A0C91BC942}") = "ZERO_CHECK", "ZERO_CHECK.vcxproj", "{01005651-5793-3C0D-B055-F2548C66F53D}"
	ProjectSection(ProjectDependencies) = postProject
	EndProjectSection
EndProject
Project("{8BC9CEB8-8B4A-11D0-8D11-00A0C91BC942}") = "backward_object", "_deps\backward-cpp-build\backward_object.vcxproj", "{5CEFB18F-7104-3D6F-86E0-FDB8E4D0EC55}"
	ProjectSection(ProjectDependencies) = postProject
		{01005651-5793-3C0D-B055-F2548C66F53D} = {01005651-5793-3C0D-B055-F2548C66F53D}
	EndProjectSection
EndProject
Project("{8BC9CEB8-8B4A-11D0-8D11-00A0C91BC942}") = "clean-all", "_deps\zstd-build\clean-all.vcxproj", "{3D56FCBC-0389-31B3-A608-568F649A580E}"
	ProjectSection(ProjectDependencies) = postProject
		{01005651-5793-3C0D-B055-F2548C66F53D} = {01005651-5793-3C0D-B055-F2548C66F53D}
	EndProjectSection
EndProject
Project("{8BC9CEB8-8B4A-11D0-8D11-00A0C91BC942}") = "colorwidgets", "3rdparty\color_widgets\colorwidgets.vcxproj", "{E6B49E71-F43B-30DA-9CF6-F9DFE9364B97}"
	ProjectSection(ProjectDependencies) = postProject
		{01005651-5793-3C0D-B055-F2548C66F53D} = {01005651-5793-3C0D-B055-F2548C66F53D}
	EndProjectSection
EndProject
Project("{8BC9CEB8-8B4A-11D0-8D11-00A0C91BC942}") = "fastcdr", "_deps\fastcdr_imported-build\src\cpp\fastcdr.vcxproj", "{CC77E1F4-D9D9-3B9E-8D55-D78235E9D410}"
	ProjectSection(ProjectDependencies) = postProject
		{01005651-5793-3C0D-B055-F2548C66F53D} = {01005651-5793-3C0D-B055-F2548C66F53D}
	EndProjectSection
EndProject
Project("{8BC9CEB8-8B4A-11D0-8D11-00A0C91BC942}") = "kissfft", "plotjuggler_plugins\ToolboxFFT\3rdparty\KissFFT\kissfft.vcxproj", "{ADAA7229-B08A-3833-9B7A-8223D1B90270}"
	ProjectSection(ProjectDependencies) = postProject
		{01005651-5793-3C0D-B055-F2548C66F53D} = {01005651-5793-3C0D-B055-F2548C66F53D}
	EndProjectSection
EndProject
Project("{8BC9CEB8-8B4A-11D0-8D11-00A0C91BC942}") = "libzstd_static", "_deps\zstd-build\lib\libzstd_static.vcxproj", "{4F25CB92-8328-3D94-8610-40AD39468CED}"
	ProjectSection(ProjectDependencies) = postProject
		{01005651-5793-3C0D-B055-F2548C66F53D} = {01005651-5793-3C0D-B055-F2548C66F53D}
	EndProjectSection
EndProject
Project("{8BC9CEB8-8B4A-11D0-8D11-00A0C91BC942}") = "lua", "3rdparty\lua.vcxproj", "{67B8195D-736B-39FA-8AF4-F0EC88CB0C09}"
	ProjectSection(ProjectDependencies) = postProject
		{01005651-5793-3C0D-B055-F2548C66F53D} = {01005651-5793-3C0D-B055-F2548C66F53D}
	EndProjectSection
EndProject
Project("{8BC9CEB8-8B4A-11D0-8D11-00A0C91BC942}") = "lz4_static", "plotjuggler_plugins\DataLoadMCAP\lz4_static.vcxproj", "{8F945835-6006-3336-8AE1-0EB99966D60C}"
	ProjectSection(ProjectDependencies) = postProject
		{01005651-5793-3C0D-B055-F2548C66F53D} = {01005651-5793-3C0D-B055-F2548C66F53D}
	EndProjectSection
EndProject
Project("{8BC9CEB8-8B4A-11D0-8D11-00A0C91BC942}") = "plotjuggler", "plotjuggler_app\plotjuggler.vcxproj", "{92C06919-0909-3235-93C5-8A52F7026CCB}"
	ProjectSection(ProjectDependencies) = postProject
		{89F03EF8-9DE2-3EB6-A133-DA1866462CAB} = {89F03EF8-9DE2-3EB6-A133-DA1866462CAB}
		{01005651-5793-3C0D-B055-F2548C66F53D} = {01005651-5793-3C0D-B055-F2548C66F53D}
		{5CEFB18F-7104-3D6F-86E0-FDB8E4D0EC55} = {5CEFB18F-7104-3D6F-86E0-FDB8E4D0EC55}
		{E6B49E71-F43B-30DA-9CF6-F9DFE9364B97} = {E6B49E71-F43B-30DA-9CF6-F9DFE9364B97}
		{67B8195D-736B-39FA-8AF4-F0EC88CB0C09} = {67B8195D-736B-39FA-8AF4-F0EC88CB0C09}
		{DBB58BBB-7149-30CF-9796-D5790AF26F11} = {DBB58BBB-7149-30CF-9796-D5790AF26F11}
		{4489CB7B-BFBE-32C0-84BA-1EFECBC3CCDE} = {4489CB7B-BFBE-32C0-84BA-1EFECBC3CCDE}
		{3E70F915-8086-320C-9D5F-2019F986E29B} = {3E70F915-8086-320C-9D5F-2019F986E29B}
	EndProjectSection
EndProject
Project("{8BC9CEB8-8B4A-11D0-8D11-00A0C91BC942}") = "plotjuggler_base", "plotjuggler_base.vcxproj", "{DBB58BBB-7149-30CF-9796-D5790AF26F11}"
	ProjectSection(ProjectDependencies) = postProject
		{01005651-5793-3C0D-B055-F2548C66F53D} = {01005651-5793-3C0D-B055-F2548C66F53D}
		{67B8195D-736B-39FA-8AF4-F0EC88CB0C09} = {67B8195D-736B-39FA-8AF4-F0EC88CB0C09}
		{4489CB7B-BFBE-32C0-84BA-1EFECBC3CCDE} = {4489CB7B-BFBE-32C0-84BA-1EFECBC3CCDE}
	EndProjectSection
EndProject
Project("{8BC9CEB8-8B4A-11D0-8D11-00A0C91BC942}") = "plotjuggler_qwt", "3rdparty\qwt\src\plotjuggler_qwt.vcxproj", "{4489CB7B-BFBE-32C0-84BA-1EFECBC3CCDE}"
	ProjectSection(ProjectDependencies) = postProject
		{01005651-5793-3C0D-B055-F2548C66F53D} = {01005651-5793-3C0D-B055-F2548C66F53D}
	EndProjectSection
EndProject
Project("{8BC9CEB8-8B4A-11D0-8D11-00A0C91BC942}") = "plotjuggler_qwt_objects", "3rdparty\qwt\src\plotjuggler_qwt_objects.vcxproj", "{55954E57-8973-3F6D-AD98-C1AF99BB3C00}"
	ProjectSection(ProjectDependencies) = postProject
		{01005651-5793-3C0D-B055-F2548C66F53D} = {01005651-5793-3C0D-B055-F2548C66F53D}
	EndProjectSection
EndProject
Project("{8BC9CEB8-8B4A-11D0-8D11-00A0C91BC942}") = "qt_advanced_docking", "3rdparty\Qt-Advanced-Docking\qt_advanced_docking.vcxproj", "{3E70F915-8086-320C-9D5F-2019F986E29B}"
	ProjectSection(ProjectDependencies) = postProject
		{01005651-5793-3C0D-B055-F2548C66F53D} = {01005651-5793-3C0D-B055-F2548C66F53D}
	EndProjectSection
EndProject
Project("{8BC9CEB8-8B4A-11D0-8D11-00A0C91BC942}") = "rosx_introspection", "plotjuggler_plugins\ParserROS\rosx_introspection\rosx_introspection.vcxproj", "{3DDC1563-4900-3B5A-9B4C-D00B2A36C624}"
	ProjectSection(ProjectDependencies) = postProject
		{01005651-5793-3C0D-B055-F2548C66F53D} = {01005651-5793-3C0D-B055-F2548C66F53D}
		{CC77E1F4-D9D9-3B9E-8D55-D78235E9D410} = {CC77E1F4-D9D9-3B9E-8D55-D78235E9D410}
	EndProjectSection
EndProject
Project("{8BC9CEB8-8B4A-11D0-8D11-00A0C91BC942}") = "uninstall", "_deps\zstd-build\lib\uninstall.vcxproj", "{AE7A9574-877B-3643-8461-ED476E13860A}"
	ProjectSection(ProjectDependencies) = postProject
		{01005651-5793-3C0D-B055-F2548C66F53D} = {01005651-5793-3C0D-B055-F2548C66F53D}
	EndProjectSection
EndProject
Global
	GlobalSection(SolutionConfigurationPlatforms) = preSolution
		Debug|x64 = Debug|x64
		Release|x64 = Release|x64
		MinSizeRel|x64 = MinSizeRel|x64
		RelWithDebInfo|x64 = RelWithDebInfo|x64
	EndGlobalSection
	GlobalSection(ProjectConfigurationPlatforms) = postSolution
		{1A13B0FE-ED08-3150-849E-CAE95D30FFE1}.Debug|x64.ActiveCfg = Debug|x64
		{1A13B0FE-ED08-3150-849E-CAE95D30FFE1}.Debug|x64.Build.0 = Debug|x64
		{1A13B0FE-ED08-3150-849E-CAE95D30FFE1}.Release|x64.ActiveCfg = Release|x64
		{1A13B0FE-ED08-3150-849E-CAE95D30FFE1}.Release|x64.Build.0 = Release|x64
		{1A13B0FE-ED08-3150-849E-CAE95D30FFE1}.MinSizeRel|x64.ActiveCfg = MinSizeRel|x64
		{1A13B0FE-ED08-3150-849E-CAE95D30FFE1}.MinSizeRel|x64.Build.0 = MinSizeRel|x64
		{1A13B0FE-ED08-3150-849E-CAE95D30FFE1}.RelWithDebInfo|x64.ActiveCfg = RelWithDebInfo|x64
		{1A13B0FE-ED08-3150-849E-CAE95D30FFE1}.RelWithDebInfo|x64.Build.0 = RelWithDebInfo|x64
		{8FB07A55-2EB2-3A25-B0EB-BA3F264F665A}.Debug|x64.ActiveCfg = Debug|x64
		{8FB07A55-2EB2-3A25-B0EB-BA3F264F665A}.Debug|x64.Build.0 = Debug|x64
		{8FB07A55-2EB2-3A25-B0EB-BA3F264F665A}.Release|x64.ActiveCfg = Release|x64
		{8FB07A55-2EB2-3A25-B0EB-BA3F264F665A}.Release|x64.Build.0 = Release|x64
		{8FB07A55-2EB2-3A25-B0EB-BA3F264F665A}.MinSizeRel|x64.ActiveCfg = MinSizeRel|x64
		{8FB07A55-2EB2-3A25-B0EB-BA3F264F665A}.MinSizeRel|x64.Build.0 = MinSizeRel|x64
		{8FB07A55-2EB2-3A25-B0EB-BA3F264F665A}.RelWithDebInfo|x64.ActiveCfg = RelWithDebInfo|x64
		{8FB07A55-2EB2-3A25-B0EB-BA3F264F665A}.RelWithDebInfo|x64.Build.0 = RelWithDebInfo|x64
		{1FB71C0E-7C7B-30F6-9275-107FBD843E35}.Debug|x64.ActiveCfg = Debug|x64
		{1FB71C0E-7C7B-30F6-9275-107FBD843E35}.Debug|x64.Build.0 = Debug|x64
		{1FB71C0E-7C7B-30F6-9275-107FBD843E35}.Release|x64.ActiveCfg = Release|x64
		{1FB71C0E-7C7B-30F6-9275-107FBD843E35}.Release|x64.Build.0 = Release|x64
		{1FB71C0E-7C7B-30F6-9275-107FBD843E35}.MinSizeRel|x64.ActiveCfg = MinSizeRel|x64
		{1FB71C0E-7C7B-30F6-9275-107FBD843E35}.MinSizeRel|x64.Build.0 = MinSizeRel|x64
		{1FB71C0E-7C7B-30F6-9275-107FBD843E35}.RelWithDebInfo|x64.ActiveCfg = RelWithDebInfo|x64
		{1FB71C0E-7C7B-30F6-9275-107FBD843E35}.RelWithDebInfo|x64.Build.0 = RelWithDebInfo|x64
		{656F98D5-4A7F-3910-BE50-C447A6A54080}.Debug|x64.ActiveCfg = Debug|x64
		{656F98D5-4A7F-3910-BE50-C447A6A54080}.Debug|x64.Build.0 = Debug|x64
		{656F98D5-4A7F-3910-BE50-C447A6A54080}.Release|x64.ActiveCfg = Release|x64
		{656F98D5-4A7F-3910-BE50-C447A6A54080}.Release|x64.Build.0 = Release|x64
		{656F98D5-4A7F-3910-BE50-C447A6A54080}.MinSizeRel|x64.ActiveCfg = MinSizeRel|x64
		{656F98D5-4A7F-3910-BE50-C447A6A54080}.MinSizeRel|x64.Build.0 = MinSizeRel|x64
		{656F98D5-4A7F-3910-BE50-C447A6A54080}.RelWithDebInfo|x64.ActiveCfg = RelWithDebInfo|x64
		{656F98D5-4A7F-3910-BE50-C447A6A54080}.RelWithDebInfo|x64.Build.0 = RelWithDebInfo|x64
		{8D727083-E7CE-3C9C-999A-D5D0D0E3F125}.Debug|x64.ActiveCfg = Debug|x64
		{8D727083-E7CE-3C9C-999A-D5D0D0E3F125}.Debug|x64.Build.0 = Debug|x64
		{8D727083-E7CE-3C9C-999A-D5D0D0E3F125}.Release|x64.ActiveCfg = Release|x64
		{8D727083-E7CE-3C9C-999A-D5D0D0E3F125}.Release|x64.Build.0 = Release|x64
		{8D727083-E7CE-3C9C-999A-D5D0D0E3F125}.MinSizeRel|x64.ActiveCfg = MinSizeRel|x64
		{8D727083-E7CE-3C9C-999A-D5D0D0E3F125}.MinSizeRel|x64.Build.0 = MinSizeRel|x64
		{8D727083-E7CE-3C9C-999A-D5D0D0E3F125}.RelWithDebInfo|x64.ActiveCfg = RelWithDebInfo|x64
		{8D727083-E7CE-3C9C-999A-D5D0D0E3F125}.RelWithDebInfo|x64.Build.0 = RelWithDebInfo|x64
		{A131924F-2C89-3FD3-A4DD-ED703D74D2E6}.Debug|x64.ActiveCfg = Debug|x64
		{A131924F-2C89-3FD3-A4DD-ED703D74D2E6}.Debug|x64.Build.0 = Debug|x64
		{A131924F-2C89-3FD3-A4DD-ED703D74D2E6}.Release|x64.ActiveCfg = Release|x64
		{A131924F-2C89-3FD3-A4DD-ED703D74D2E6}.Release|x64.Build.0 = Release|x64
		{A131924F-2C89-3FD3-A4DD-ED703D74D2E6}.MinSizeRel|x64.ActiveCfg = MinSizeRel|x64
		{A131924F-2C89-3FD3-A4DD-ED703D74D2E6}.MinSizeRel|x64.Build.0 = MinSizeRel|x64
		{A131924F-2C89-3FD3-A4DD-ED703D74D2E6}.RelWithDebInfo|x64.ActiveCfg = RelWithDebInfo|x64
		{A131924F-2C89-3FD3-A4DD-ED703D74D2E6}.RelWithDebInfo|x64.Build.0 = RelWithDebInfo|x64
		{49C016C0-23EA-39EF-B719-4A2F5B13AF97}.Debug|x64.ActiveCfg = Debug|x64
		{49C016C0-23EA-39EF-B719-4A2F5B13AF97}.Debug|x64.Build.0 = Debug|x64
		{49C016C0-23EA-39EF-B719-4A2F5B13AF97}.Release|x64.ActiveCfg = Release|x64
		{49C016C0-23EA-39EF-B719-4A2F5B13AF97}.Release|x64.Build.0 = Release|x64
		{49C016C0-23EA-39EF-B719-4A2F5B13AF97}.MinSizeRel|x64.ActiveCfg = MinSizeRel|x64
		{49C016C0-23EA-39EF-B719-4A2F5B13AF97}.MinSizeRel|x64.Build.0 = MinSizeRel|x64
		{49C016C0-23EA-39EF-B719-4A2F5B13AF97}.RelWithDebInfo|x64.ActiveCfg = RelWithDebInfo|x64
		{49C016C0-23EA-39EF-B719-4A2F5B13AF97}.RelWithDebInfo|x64.Build.0 = RelWithDebInfo|x64
		{D11653DE-437F-38F1-B39E-B569E2FA7127}.Debug|x64.ActiveCfg = Debug|x64
		{D11653DE-437F-38F1-B39E-B569E2FA7127}.Release|x64.ActiveCfg = Release|x64
		{D11653DE-437F-38F1-B39E-B569E2FA7127}.MinSizeRel|x64.ActiveCfg = MinSizeRel|x64
		{D11653DE-437F-38F1-B39E-B569E2FA7127}.RelWithDebInfo|x64.ActiveCfg = RelWithDebInfo|x64
		{24CFA0A2-F7CD-304E-906D-9EF3C0B6E2E1}.Debug|x64.ActiveCfg = Debug|x64
		{24CFA0A2-F7CD-304E-906D-9EF3C0B6E2E1}.Debug|x64.Build.0 = Debug|x64
		{24CFA0A2-F7CD-304E-906D-9EF3C0B6E2E1}.Release|x64.ActiveCfg = Release|x64
		{24CFA0A2-F7CD-304E-906D-9EF3C0B6E2E1}.Release|x64.Build.0 = Release|x64
		{24CFA0A2-F7CD-304E-906D-9EF3C0B6E2E1}.MinSizeRel|x64.ActiveCfg = MinSizeRel|x64
		{24CFA0A2-F7CD-304E-906D-9EF3C0B6E2E1}.MinSizeRel|x64.Build.0 = MinSizeRel|x64
		{24CFA0A2-F7CD-304E-906D-9EF3C0B6E2E1}.RelWithDebInfo|x64.ActiveCfg = RelWithDebInfo|x64
		{24CFA0A2-F7CD-304E-906D-9EF3C0B6E2E1}.RelWithDebInfo|x64.Build.0 = RelWithDebInfo|x64
		{7B5694BE-D581-3FF6-9B87-1965ECBCCEFC}.Debug|x64.ActiveCfg = Debug|x64
		{7B5694BE-D581-3FF6-9B87-1965ECBCCEFC}.Debug|x64.Build.0 = Debug|x64
		{7B5694BE-D581-3FF6-9B87-1965ECBCCEFC}.Release|x64.ActiveCfg = Release|x64
		{7B5694BE-D581-3FF6-9B87-1965ECBCCEFC}.Release|x64.Build.0 = Release|x64
		{7B5694BE-D581-3FF6-9B87-1965ECBCCEFC}.MinSizeRel|x64.ActiveCfg = MinSizeRel|x64
		{7B5694BE-D581-3FF6-9B87-1965ECBCCEFC}.MinSizeRel|x64.Build.0 = MinSizeRel|x64
		{7B5694BE-D581-3FF6-9B87-1965ECBCCEFC}.RelWithDebInfo|x64.ActiveCfg = RelWithDebInfo|x64
		{7B5694BE-D581-3FF6-9B87-1965ECBCCEFC}.RelWithDebInfo|x64.Build.0 = RelWithDebInfo|x64
		{51FE206E-B492-3A18-8021-0FBCCB83E51B}.Debug|x64.ActiveCfg = Debug|x64
		{51FE206E-B492-3A18-8021-0FBCCB83E51B}.Debug|x64.Build.0 = Debug|x64
		{51FE206E-B492-3A18-8021-0FBCCB83E51B}.Release|x64.ActiveCfg = Release|x64
		{51FE206E-B492-3A18-8021-0FBCCB83E51B}.Release|x64.Build.0 = Release|x64
		{51FE206E-B492-3A18-8021-0FBCCB83E51B}.MinSizeRel|x64.ActiveCfg = MinSizeRel|x64
		{51FE206E-B492-3A18-8021-0FBCCB83E51B}.MinSizeRel|x64.Build.0 = MinSizeRel|x64
		{51FE206E-B492-3A18-8021-0FBCCB83E51B}.RelWithDebInfo|x64.ActiveCfg = RelWithDebInfo|x64
		{51FE206E-B492-3A18-8021-0FBCCB83E51B}.RelWithDebInfo|x64.Build.0 = RelWithDebInfo|x64
		{5D8FE42C-617B-3FCB-80ED-03EDB7135C8B}.Debug|x64.ActiveCfg = Debug|x64
		{5D8FE42C-617B-3FCB-80ED-03EDB7135C8B}.Debug|x64.Build.0 = Debug|x64
		{5D8FE42C-617B-3FCB-80ED-03EDB7135C8B}.Release|x64.ActiveCfg = Release|x64
		{5D8FE42C-617B-3FCB-80ED-03EDB7135C8B}.Release|x64.Build.0 = Release|x64
		{5D8FE42C-617B-3FCB-80ED-03EDB7135C8B}.MinSizeRel|x64.ActiveCfg = MinSizeRel|x64
		{5D8FE42C-617B-3FCB-80ED-03EDB7135C8B}.MinSizeRel|x64.Build.0 = MinSizeRel|x64
		{5D8FE42C-617B-3FCB-80ED-03EDB7135C8B}.RelWithDebInfo|x64.ActiveCfg = RelWithDebInfo|x64
		{5D8FE42C-617B-3FCB-80ED-03EDB7135C8B}.RelWithDebInfo|x64.Build.0 = RelWithDebInfo|x64
		{511CC4A1-8108-3E72-9C0C-F902FAB16526}.Debug|x64.ActiveCfg = Debug|x64
		{511CC4A1-8108-3E72-9C0C-F902FAB16526}.Debug|x64.Build.0 = Debug|x64
		{511CC4A1-8108-3E72-9C0C-F902FAB16526}.Release|x64.ActiveCfg = Release|x64
		{511CC4A1-8108-3E72-9C0C-F902FAB16526}.Release|x64.Build.0 = Release|x64
		{511CC4A1-8108-3E72-9C0C-F902FAB16526}.MinSizeRel|x64.ActiveCfg = MinSizeRel|x64
		{511CC4A1-8108-3E72-9C0C-F902FAB16526}.MinSizeRel|x64.Build.0 = MinSizeRel|x64
		{511CC4A1-8108-3E72-9C0C-F902FAB16526}.RelWithDebInfo|x64.ActiveCfg = RelWithDebInfo|x64
		{511CC4A1-8108-3E72-9C0C-F902FAB16526}.RelWithDebInfo|x64.Build.0 = RelWithDebInfo|x64
		{89F03EF8-9DE2-3EB6-A133-DA1866462CAB}.Debug|x64.ActiveCfg = Debug|x64
		{89F03EF8-9DE2-3EB6-A133-DA1866462CAB}.Debug|x64.Build.0 = Debug|x64
		{89F03EF8-9DE2-3EB6-A133-DA1866462CAB}.Release|x64.ActiveCfg = Release|x64
		{89F03EF8-9DE2-3EB6-A133-DA1866462CAB}.Release|x64.Build.0 = Release|x64
		{89F03EF8-9DE2-3EB6-A133-DA1866462CAB}.MinSizeRel|x64.ActiveCfg = MinSizeRel|x64
		{89F03EF8-9DE2-3EB6-A133-DA1866462CAB}.MinSizeRel|x64.Build.0 = MinSizeRel|x64
		{89F03EF8-9DE2-3EB6-A133-DA1866462CAB}.RelWithDebInfo|x64.ActiveCfg = RelWithDebInfo|x64
		{89F03EF8-9DE2-3EB6-A133-DA1866462CAB}.RelWithDebInfo|x64.Build.0 = RelWithDebInfo|x64
		{640B7DCC-1FF2-33D1-90A4-EA119D2A898B}.Debug|x64.ActiveCfg = Debug|x64
		{640B7DCC-1FF2-33D1-90A4-EA119D2A898B}.Debug|x64.Build.0 = Debug|x64
		{640B7DCC-1FF2-33D1-90A4-EA119D2A898B}.Release|x64.ActiveCfg = Release|x64
		{640B7DCC-1FF2-33D1-90A4-EA119D2A898B}.Release|x64.Build.0 = Release|x64
		{640B7DCC-1FF2-33D1-90A4-EA119D2A898B}.MinSizeRel|x64.ActiveCfg = MinSizeRel|x64
		{640B7DCC-1FF2-33D1-90A4-EA119D2A898B}.MinSizeRel|x64.Build.0 = MinSizeRel|x64
		{640B7DCC-1FF2-33D1-90A4-EA119D2A898B}.RelWithDebInfo|x64.ActiveCfg = RelWithDebInfo|x64
		{640B7DCC-1FF2-33D1-90A4-EA119D2A898B}.RelWithDebInfo|x64.Build.0 = RelWithDebInfo|x64
		{2922B174-790C-3C67-AF6C-B2D469988953}.Debug|x64.ActiveCfg = Debug|x64
		{2922B174-790C-3C67-AF6C-B2D469988953}.Debug|x64.Build.0 = Debug|x64
		{2922B174-790C-3C67-AF6C-B2D469988953}.Release|x64.ActiveCfg = Release|x64
		{2922B174-790C-3C67-AF6C-B2D469988953}.Release|x64.Build.0 = Release|x64
		{2922B174-790C-3C67-AF6C-B2D469988953}.MinSizeRel|x64.ActiveCfg = MinSizeRel|x64
		{2922B174-790C-3C67-AF6C-B2D469988953}.MinSizeRel|x64.Build.0 = MinSizeRel|x64
		{2922B174-790C-3C67-AF6C-B2D469988953}.RelWithDebInfo|x64.ActiveCfg = RelWithDebInfo|x64
		{2922B174-790C-3C67-AF6C-B2D469988953}.RelWithDebInfo|x64.Build.0 = RelWithDebInfo|x64
		{265BC9A8-CBD9-3C85-861F-85E1697445F8}.Debug|x64.ActiveCfg = Debug|x64
		{265BC9A8-CBD9-3C85-861F-85E1697445F8}.Debug|x64.Build.0 = Debug|x64
		{265BC9A8-CBD9-3C85-861F-85E1697445F8}.Release|x64.ActiveCfg = Release|x64
		{265BC9A8-CBD9-3C85-861F-85E1697445F8}.Release|x64.Build.0 = Release|x64
		{265BC9A8-CBD9-3C85-861F-85E1697445F8}.MinSizeRel|x64.ActiveCfg = MinSizeRel|x64
		{265BC9A8-CBD9-3C85-861F-85E1697445F8}.MinSizeRel|x64.Build.0 = MinSizeRel|x64
		{265BC9A8-CBD9-3C85-861F-85E1697445F8}.RelWithDebInfo|x64.ActiveCfg = RelWithDebInfo|x64
		{265BC9A8-CBD9-3C85-861F-85E1697445F8}.RelWithDebInfo|x64.Build.0 = RelWithDebInfo|x64
		{01005651-5793-3C0D-B055-F2548C66F53D}.Debug|x64.ActiveCfg = Debug|x64
		{01005651-5793-3C0D-B055-F2548C66F53D}.Debug|x64.Build.0 = Debug|x64
		{01005651-5793-3C0D-B055-F2548C66F53D}.Release|x64.ActiveCfg = Release|x64
		{01005651-5793-3C0D-B055-F2548C66F53D}.Release|x64.Build.0 = Release|x64
		{01005651-5793-3C0D-B055-F2548C66F53D}.MinSizeRel|x64.ActiveCfg = MinSizeRel|x64
		{01005651-5793-3C0D-B055-F2548C66F53D}.MinSizeRel|x64.Build.0 = MinSizeRel|x64
		{01005651-5793-3C0D-B055-F2548C66F53D}.RelWithDebInfo|x64.ActiveCfg = RelWithDebInfo|x64
		{01005651-5793-3C0D-B055-F2548C66F53D}.RelWithDebInfo|x64.Build.0 = RelWithDebInfo|x64
		{5CEFB18F-7104-3D6F-86E0-FDB8E4D0EC55}.Debug|x64.ActiveCfg = Debug|x64
		{5CEFB18F-7104-3D6F-86E0-FDB8E4D0EC55}.Debug|x64.Build.0 = Debug|x64
		{5CEFB18F-7104-3D6F-86E0-FDB8E4D0EC55}.Release|x64.ActiveCfg = Release|x64
		{5CEFB18F-7104-3D6F-86E0-FDB8E4D0EC55}.Release|x64.Build.0 = Release|x64
		{5CEFB18F-7104-3D6F-86E0-FDB8E4D0EC55}.MinSizeRel|x64.ActiveCfg = MinSizeRel|x64
		{5CEFB18F-7104-3D6F-86E0-FDB8E4D0EC55}.MinSizeRel|x64.Build.0 = MinSizeRel|x64
		{5CEFB18F-7104-3D6F-86E0-FDB8E4D0EC55}.RelWithDebInfo|x64.ActiveCfg = RelWithDebInfo|x64
		{5CEFB18F-7104-3D6F-86E0-FDB8E4D0EC55}.RelWithDebInfo|x64.Build.0 = RelWithDebInfo|x64
		{3D56FCBC-0389-31B3-A608-568F649A580E}.Debug|x64.ActiveCfg = Debug|x64
		{3D56FCBC-0389-31B3-A608-568F649A580E}.Release|x64.ActiveCfg = Release|x64
		{3D56FCBC-0389-31B3-A608-568F649A580E}.MinSizeRel|x64.ActiveCfg = MinSizeRel|x64
		{3D56FCBC-0389-31B3-A608-568F649A580E}.RelWithDebInfo|x64.ActiveCfg = RelWithDebInfo|x64
		{E6B49E71-F43B-30DA-9CF6-F9DFE9364B97}.Debug|x64.ActiveCfg = Debug|x64
		{E6B49E71-F43B-30DA-9CF6-F9DFE9364B97}.Debug|x64.Build.0 = Debug|x64
		{E6B49E71-F43B-30DA-9CF6-F9DFE9364B97}.Release|x64.ActiveCfg = Release|x64
		{E6B49E71-F43B-30DA-9CF6-F9DFE9364B97}.Release|x64.Build.0 = Release|x64
		{E6B49E71-F43B-30DA-9CF6-F9DFE9364B97}.MinSizeRel|x64.ActiveCfg = MinSizeRel|x64
		{E6B49E71-F43B-30DA-9CF6-F9DFE9364B97}.MinSizeRel|x64.Build.0 = MinSizeRel|x64
		{E6B49E71-F43B-30DA-9CF6-F9DFE9364B97}.RelWithDebInfo|x64.ActiveCfg = RelWithDebInfo|x64
		{E6B49E71-F43B-30DA-9CF6-F9DFE9364B97}.RelWithDebInfo|x64.Build.0 = RelWithDebInfo|x64
		{CC77E1F4-D9D9-3B9E-8D55-D78235E9D410}.Debug|x64.ActiveCfg = Debug|x64
		{CC77E1F4-D9D9-3B9E-8D55-D78235E9D410}.Debug|x64.Build.0 = Debug|x64
		{CC77E1F4-D9D9-3B9E-8D55-D78235E9D410}.Release|x64.ActiveCfg = Release|x64
		{CC77E1F4-D9D9-3B9E-8D55-D78235E9D410}.Release|x64.Build.0 = Release|x64
		{CC77E1F4-D9D9-3B9E-8D55-D78235E9D410}.MinSizeRel|x64.ActiveCfg = MinSizeRel|x64
		{CC77E1F4-D9D9-3B9E-8D55-D78235E9D410}.MinSizeRel|x64.Build.0 = MinSizeRel|x64
		{CC77E1F4-D9D9-3B9E-8D55-D78235E9D410}.RelWithDebInfo|x64.ActiveCfg = RelWithDebInfo|x64
		{CC77E1F4-D9D9-3B9E-8D55-D78235E9D410}.RelWithDebInfo|x64.Build.0 = RelWithDebInfo|x64
		{ADAA7229-B08A-3833-9B7A-8223D1B90270}.Debug|x64.ActiveCfg = Debug|x64
		{ADAA7229-B08A-3833-9B7A-8223D1B90270}.Debug|x64.Build.0 = Debug|x64
		{ADAA7229-B08A-3833-9B7A-8223D1B90270}.Release|x64.ActiveCfg = Release|x64
		{ADAA7229-B08A-3833-9B7A-8223D1B90270}.Release|x64.Build.0 = Release|x64
		{ADAA7229-B08A-3833-9B7A-8223D1B90270}.MinSizeRel|x64.ActiveCfg = MinSizeRel|x64
		{ADAA7229-B08A-3833-9B7A-8223D1B90270}.MinSizeRel|x64.Build.0 = MinSizeRel|x64
		{ADAA7229-B08A-3833-9B7A-8223D1B90270}.RelWithDebInfo|x64.ActiveCfg = RelWithDebInfo|x64
		{ADAA7229-B08A-3833-9B7A-8223D1B90270}.RelWithDebInfo|x64.Build.0 = RelWithDebInfo|x64
		{4F25CB92-8328-3D94-8610-40AD39468CED}.Debug|x64.ActiveCfg = Debug|x64
		{4F25CB92-8328-3D94-8610-40AD39468CED}.Debug|x64.Build.0 = Debug|x64
		{4F25CB92-8328-3D94-8610-40AD39468CED}.Release|x64.ActiveCfg = Release|x64
		{4F25CB92-8328-3D94-8610-40AD39468CED}.Release|x64.Build.0 = Release|x64
		{4F25CB92-8328-3D94-8610-40AD39468CED}.MinSizeRel|x64.ActiveCfg = MinSizeRel|x64
		{4F25CB92-8328-3D94-8610-40AD39468CED}.MinSizeRel|x64.Build.0 = MinSizeRel|x64
		{4F25CB92-8328-3D94-8610-40AD39468CED}.RelWithDebInfo|x64.ActiveCfg = RelWithDebInfo|x64
		{4F25CB92-8328-3D94-8610-40AD39468CED}.RelWithDebInfo|x64.Build.0 = RelWithDebInfo|x64
		{67B8195D-736B-39FA-8AF4-F0EC88CB0C09}.Debug|x64.ActiveCfg = Debug|x64
		{67B8195D-736B-39FA-8AF4-F0EC88CB0C09}.Debug|x64.Build.0 = Debug|x64
		{67B8195D-736B-39FA-8AF4-F0EC88CB0C09}.Release|x64.ActiveCfg = Release|x64
		{67B8195D-736B-39FA-8AF4-F0EC88CB0C09}.Release|x64.Build.0 = Release|x64
		{67B8195D-736B-39FA-8AF4-F0EC88CB0C09}.MinSizeRel|x64.ActiveCfg = MinSizeRel|x64
		{67B8195D-736B-39FA-8AF4-F0EC88CB0C09}.MinSizeRel|x64.Build.0 = MinSizeRel|x64
		{67B8195D-736B-39FA-8AF4-F0EC88CB0C09}.RelWithDebInfo|x64.ActiveCfg = RelWithDebInfo|x64
		{67B8195D-736B-39FA-8AF4-F0EC88CB0C09}.RelWithDebInfo|x64.Build.0 = RelWithDebInfo|x64
		{8F945835-6006-3336-8AE1-0EB99966D60C}.Debug|x64.ActiveCfg = Debug|x64
		{8F945835-6006-3336-8AE1-0EB99966D60C}.Debug|x64.Build.0 = Debug|x64
		{8F945835-6006-3336-8AE1-0EB99966D60C}.Release|x64.ActiveCfg = Release|x64
		{8F945835-6006-3336-8AE1-0EB99966D60C}.Release|x64.Build.0 = Release|x64
		{8F945835-6006-3336-8AE1-0EB99966D60C}.MinSizeRel|x64.ActiveCfg = MinSizeRel|x64
		{8F945835-6006-3336-8AE1-0EB99966D60C}.MinSizeRel|x64.Build.0 = MinSizeRel|x64
		{8F945835-6006-3336-8AE1-0EB99966D60C}.RelWithDebInfo|x64.ActiveCfg = RelWithDebInfo|x64
		{8F945835-6006-3336-8AE1-0EB99966D60C}.RelWithDebInfo|x64.Build.0 = RelWithDebInfo|x64
		{92C06919-0909-3235-93C5-8A52F7026CCB}.Debug|x64.ActiveCfg = Debug|x64
		{92C06919-0909-3235-93C5-8A52F7026CCB}.Debug|x64.Build.0 = Debug|x64
		{92C06919-0909-3235-93C5-8A52F7026CCB}.Release|x64.ActiveCfg = Release|x64
		{92C06919-0909-3235-93C5-8A52F7026CCB}.Release|x64.Build.0 = Release|x64
		{92C06919-0909-3235-93C5-8A52F7026CCB}.MinSizeRel|x64.ActiveCfg = MinSizeRel|x64
		{92C06919-0909-3235-93C5-8A52F7026CCB}.MinSizeRel|x64.Build.0 = MinSizeRel|x64
		{92C06919-0909-3235-93C5-8A52F7026CCB}.RelWithDebInfo|x64.ActiveCfg = RelWithDebInfo|x64
		{92C06919-0909-3235-93C5-8A52F7026CCB}.RelWithDebInfo|x64.Build.0 = RelWithDebInfo|x64
		{DBB58BBB-7149-30CF-9796-D5790AF26F11}.Debug|x64.ActiveCfg = Debug|x64
		{DBB58BBB-7149-30CF-9796-D5790AF26F11}.Debug|x64.Build.0 = Debug|x64
		{DBB58BBB-7149-30CF-9796-D5790AF26F11}.Release|x64.ActiveCfg = Release|x64
		{DBB58BBB-7149-30CF-9796-D5790AF26F11}.Release|x64.Build.0 = Release|x64
		{DBB58BBB-7149-30CF-9796-D5790AF26F11}.MinSizeRel|x64.ActiveCfg = MinSizeRel|x64
		{DBB58BBB-7149-30CF-9796-D5790AF26F11}.MinSizeRel|x64.Build.0 = MinSizeRel|x64
		{DBB58BBB-7149-30CF-9796-D5790AF26F11}.RelWithDebInfo|x64.ActiveCfg = RelWithDebInfo|x64
		{DBB58BBB-7149-30CF-9796-D5790AF26F11}.RelWithDebInfo|x64.Build.0 = RelWithDebInfo|x64
		{4489CB7B-BFBE-32C0-84BA-1EFECBC3CCDE}.Debug|x64.ActiveCfg = Debug|x64
		{4489CB7B-BFBE-32C0-84BA-1EFECBC3CCDE}.Debug|x64.Build.0 = Debug|x64
		{4489CB7B-BFBE-32C0-84BA-1EFECBC3CCDE}.Release|x64.ActiveCfg = Release|x64
		{4489CB7B-BFBE-32C0-84BA-1EFECBC3CCDE}.Release|x64.Build.0 = Release|x64
		{4489CB7B-BFBE-32C0-84BA-1EFECBC3CCDE}.MinSizeRel|x64.ActiveCfg = MinSizeRel|x64
		{4489CB7B-BFBE-32C0-84BA-1EFECBC3CCDE}.MinSizeRel|x64.Build.0 = MinSizeRel|x64
		{4489CB7B-BFBE-32C0-84BA-1EFECBC3CCDE}.RelWithDebInfo|x64.ActiveCfg = RelWithDebInfo|x64
		{4489CB7B-BFBE-32C0-84BA-1EFECBC3CCDE}.RelWithDebInfo|x64.Build.0 = RelWithDebInfo|x64
		{55954E57-8973-3F6D-AD98-C1AF99BB3C00}.Debug|x64.ActiveCfg = Debug|x64
		{55954E57-8973-3F6D-AD98-C1AF99BB3C00}.Debug|x64.Build.0 = Debug|x64
		{55954E57-8973-3F6D-AD98-C1AF99BB3C00}.Release|x64.ActiveCfg = Release|x64
		{55954E57-8973-3F6D-AD98-C1AF99BB3C00}.Release|x64.Build.0 = Release|x64
		{55954E57-8973-3F6D-AD98-C1AF99BB3C00}.MinSizeRel|x64.ActiveCfg = MinSizeRel|x64
		{55954E57-8973-3F6D-AD98-C1AF99BB3C00}.MinSizeRel|x64.Build.0 = MinSizeRel|x64
		{55954E57-8973-3F6D-AD98-C1AF99BB3C00}.RelWithDebInfo|x64.ActiveCfg = RelWithDebInfo|x64
		{55954E57-8973-3F6D-AD98-C1AF99BB3C00}.RelWithDebInfo|x64.Build.0 = RelWithDebInfo|x64
		{3E70F915-8086-320C-9D5F-2019F986E29B}.Debug|x64.ActiveCfg = Debug|x64
		{3E70F915-8086-320C-9D5F-2019F986E29B}.Debug|x64.Build.0 = Debug|x64
		{3E70F915-8086-320C-9D5F-2019F986E29B}.Release|x64.ActiveCfg = Release|x64
		{3E70F915-8086-320C-9D5F-2019F986E29B}.Release|x64.Build.0 = Release|x64
		{3E70F915-8086-320C-9D5F-2019F986E29B}.MinSizeRel|x64.ActiveCfg = MinSizeRel|x64
		{3E70F915-8086-320C-9D5F-2019F986E29B}.MinSizeRel|x64.Build.0 = MinSizeRel|x64
		{3E70F915-8086-320C-9D5F-2019F986E29B}.RelWithDebInfo|x64.ActiveCfg = RelWithDebInfo|x64
		{3E70F915-8086-320C-9D5F-2019F986E29B}.RelWithDebInfo|x64.Build.0 = RelWithDebInfo|x64
		{3DDC1563-4900-3B5A-9B4C-D00B2A36C624}.Debug|x64.ActiveCfg = Debug|x64
		{3DDC1563-4900-3B5A-9B4C-D00B2A36C624}.Debug|x64.Build.0 = Debug|x64
		{3DDC1563-4900-3B5A-9B4C-D00B2A36C624}.Release|x64.ActiveCfg = Release|x64
		{3DDC1563-4900-3B5A-9B4C-D00B2A36C624}.Release|x64.Build.0 = Release|x64
		{3DDC1563-4900-3B5A-9B4C-D00B2A36C624}.MinSizeRel|x64.ActiveCfg = MinSizeRel|x64
		{3DDC1563-4900-3B5A-9B4C-D00B2A36C624}.MinSizeRel|x64.Build.0 = MinSizeRel|x64
		{3DDC1563-4900-3B5A-9B4C-D00B2A36C624}.RelWithDebInfo|x64.ActiveCfg = RelWithDebInfo|x64
		{3DDC1563-4900-3B5A-9B4C-D00B2A36C624}.RelWithDebInfo|x64.Build.0 = RelWithDebInfo|x64
		{AE7A9574-877B-3643-8461-ED476E13860A}.Debug|x64.ActiveCfg = Debug|x64
		{AE7A9574-877B-3643-8461-ED476E13860A}.Release|x64.ActiveCfg = Release|x64
		{AE7A9574-877B-3643-8461-ED476E13860A}.MinSizeRel|x64.ActiveCfg = MinSizeRel|x64
		{AE7A9574-877B-3643-8461-ED476E13860A}.RelWithDebInfo|x64.ActiveCfg = RelWithDebInfo|x64
	EndGlobalSection
	GlobalSection(ExtensibilityGlobals) = postSolution
		SolutionGuid = {B383E7F2-93AE-31F9-8365-AA0D8D6D4B0A}
	EndGlobalSection
	GlobalSection(ExtensibilityAddIns) = postSolution
	EndGlobalSection
EndGlobal
