<?xml version="1.0" encoding="utf-8"?>
<Project ToolsVersion="16.0" xmlns="http://schemas.microsoft.com/developer/msbuild/2003">
  <ItemGroup>
    <ClCompile Include="D:\gitproject\plotjuggler2\plotjuggler_base_autogen\mocs_compilation_Debug.cpp">
      <Filter>Source Files</Filter>
    </ClCompile>
    <ClCompile Include="D:\gitproject\plotjuggler2\plotjuggler_base\src\plotdata.cpp">
      <Filter>Source Files</Filter>
    </ClCompile>
    <ClCompile Include="D:\gitproject\plotjuggler2\plotjuggler_base\src\datastreamer_base.cpp">
      <Filter>Source Files</Filter>
    </ClCompile>
    <ClCompile Include="D:\gitproject\plotjuggler2\plotjuggler_base\src\transform_function.cpp">
      <Filter>Source Files</Filter>
    </ClCompile>
    <ClCompile Include="D:\gitproject\plotjuggler2\plotjuggler_base\src\plotwidget_base.cpp">
      <Filter>Source Files</Filter>
    </ClCompile>
    <ClCompile Include="D:\gitproject\plotjuggler2\plotjuggler_base\src\plotzoomer.cpp">
      <Filter>Source Files</Filter>
    </ClCompile>
    <ClCompile Include="D:\gitproject\plotjuggler2\plotjuggler_base\src\plotmagnifier.cpp">
      <Filter>Source Files</Filter>
    </ClCompile>
    <ClCompile Include="D:\gitproject\plotjuggler2\plotjuggler_base\src\plotlegend.cpp">
      <Filter>Source Files</Filter>
    </ClCompile>
    <ClCompile Include="D:\gitproject\plotjuggler2\plotjuggler_base\src\plotpanner.cpp">
      <Filter>Source Files</Filter>
    </ClCompile>
    <ClCompile Include="D:\gitproject\plotjuggler2\plotjuggler_base\src\timeseries_qwt.cpp">
      <Filter>Source Files</Filter>
    </ClCompile>
    <ClCompile Include="D:\gitproject\plotjuggler2\plotjuggler_base\src\reactive_function.cpp">
      <Filter>Source Files</Filter>
    </ClCompile>
    <ClCompile Include="D:\gitproject\plotjuggler2\plotjuggler_base\include\PlotJuggler\moc_dataloader_base.cpp">
      <Filter>Source Files</Filter>
    </ClCompile>
    <ClCompile Include="D:\gitproject\plotjuggler2\plotjuggler_base\include\PlotJuggler\moc_statepublisher_base.cpp">
      <Filter>Source Files</Filter>
    </ClCompile>
    <ClCompile Include="D:\gitproject\plotjuggler2\plotjuggler_base\include\PlotJuggler\moc_toolbox_base.cpp">
      <Filter>Source Files</Filter>
    </ClCompile>
    <ClCompile Include="D:\gitproject\plotjuggler2\plotjuggler_base\include\PlotJuggler\moc_datastreamer_base.cpp">
      <Filter>Source Files</Filter>
    </ClCompile>
    <ClCompile Include="D:\gitproject\plotjuggler2\plotjuggler_base\include\PlotJuggler\moc_transform_function.cpp">
      <Filter>Source Files</Filter>
    </ClCompile>
    <ClCompile Include="D:\gitproject\plotjuggler2\plotjuggler_base\include\PlotJuggler\moc_plotwidget_base.cpp">
      <Filter>Source Files</Filter>
    </ClCompile>
    <ClCompile Include="D:\gitproject\plotjuggler2\plotjuggler_base_autogen\mocs_compilation_Release.cpp">
      <Filter>Source Files</Filter>
    </ClCompile>
    <ClCompile Include="D:\gitproject\plotjuggler2\plotjuggler_base_autogen\mocs_compilation_MinSizeRel.cpp">
      <Filter>Source Files</Filter>
    </ClCompile>
    <ClCompile Include="D:\gitproject\plotjuggler2\plotjuggler_base_autogen\mocs_compilation_RelWithDebInfo.cpp">
      <Filter>Source Files</Filter>
    </ClCompile>
  </ItemGroup>
  <ItemGroup>
    <CustomBuild Include="D:\gitproject\plotjuggler2\CMakeFiles\58651b581ef79c55e19e7d383a16282a\moc_dataloader_base.cpp.rule">
      <Filter>CMake Rules</Filter>
    </CustomBuild>
    <CustomBuild Include="D:\gitproject\plotjuggler2\CMakeFiles\58651b581ef79c55e19e7d383a16282a\moc_statepublisher_base.cpp.rule">
      <Filter>CMake Rules</Filter>
    </CustomBuild>
    <CustomBuild Include="D:\gitproject\plotjuggler2\CMakeFiles\58651b581ef79c55e19e7d383a16282a\moc_toolbox_base.cpp.rule">
      <Filter>CMake Rules</Filter>
    </CustomBuild>
    <CustomBuild Include="D:\gitproject\plotjuggler2\CMakeFiles\58651b581ef79c55e19e7d383a16282a\moc_datastreamer_base.cpp.rule">
      <Filter>CMake Rules</Filter>
    </CustomBuild>
    <CustomBuild Include="D:\gitproject\plotjuggler2\CMakeFiles\58651b581ef79c55e19e7d383a16282a\moc_transform_function.cpp.rule">
      <Filter>CMake Rules</Filter>
    </CustomBuild>
    <CustomBuild Include="D:\gitproject\plotjuggler2\CMakeFiles\58651b581ef79c55e19e7d383a16282a\moc_plotwidget_base.cpp.rule">
      <Filter>CMake Rules</Filter>
    </CustomBuild>
    <CustomBuild Include="D:\gitproject\plotjuggler2\CMakeLists.txt" />
  </ItemGroup>
  <ItemGroup>
    <Filter Include="CMake Rules">
      <UniqueIdentifier>{DE0C9DF3-2E00-3217-89FF-98AE29EE0172}</UniqueIdentifier>
    </Filter>
    <Filter Include="Source Files">
      <UniqueIdentifier>{ECDBFE4B-3387-3200-A654-41B8F81B6218}</UniqueIdentifier>
    </Filter>
  </ItemGroup>
</Project>
