<?xml version="1.0" encoding="utf-8"?>
<Project ToolsVersion="16.0" xmlns="http://schemas.microsoft.com/developer/msbuild/2003">
  <ItemGroup>
    <ClCompile Include="D:\gitproject\plotjuggler2\plotjuggler_plugins\DataLoadMCAP\lz4_static_autogen\mocs_compilation_Debug.cpp">
      <Filter>Source Files</Filter>
    </ClCompile>
    <ClCompile Include="D:\gitproject\plotjuggler2\_deps\lz4-src\lib\lz4.c">
      <Filter>Source Files</Filter>
    </ClCompile>
    <ClCompile Include="D:\gitproject\plotjuggler2\_deps\lz4-src\lib\lz4file.c">
      <Filter>Source Files</Filter>
    </ClCompile>
    <ClCompile Include="D:\gitproject\plotjuggler2\_deps\lz4-src\lib\lz4frame.c">
      <Filter>Source Files</Filter>
    </ClCompile>
    <ClCompile Include="D:\gitproject\plotjuggler2\_deps\lz4-src\lib\lz4hc.c">
      <Filter>Source Files</Filter>
    </ClCompile>
    <ClCompile Include="D:\gitproject\plotjuggler2\_deps\lz4-src\lib\xxhash.c">
      <Filter>Source Files</Filter>
    </ClCompile>
    <ClCompile Include="D:\gitproject\plotjuggler2\plotjuggler_plugins\DataLoadMCAP\lz4_static_autogen\mocs_compilation_Release.cpp">
      <Filter>Source Files</Filter>
    </ClCompile>
    <ClCompile Include="D:\gitproject\plotjuggler2\plotjuggler_plugins\DataLoadMCAP\lz4_static_autogen\mocs_compilation_MinSizeRel.cpp">
      <Filter>Source Files</Filter>
    </ClCompile>
    <ClCompile Include="D:\gitproject\plotjuggler2\plotjuggler_plugins\DataLoadMCAP\lz4_static_autogen\mocs_compilation_RelWithDebInfo.cpp">
      <Filter>Source Files</Filter>
    </ClCompile>
  </ItemGroup>
  <ItemGroup>
    <CustomBuild Include="D:\gitproject\plotjuggler2\plotjuggler_plugins\DataLoadMCAP\CMakeLists.txt" />
  </ItemGroup>
  <ItemGroup>
    <Filter Include="Source Files">
      <UniqueIdentifier>{ECDBFE4B-3387-3200-A654-41B8F81B6218}</UniqueIdentifier>
    </Filter>
  </ItemGroup>
</Project>
