
Microsoft Visual Studio Solution File, Format Version 12.00
# Visual Studio Version 16
Project("{8BC9CEB8-8B4A-11D0-8D11-00A0C91BC942}") = "ALL_BUILD", "ALL_BUILD.vcxproj", "{1A13B0FE-ED08-3150-849E-CAE95D30FFE1}"
	ProjectSection(ProjectDependencies) = postProject
		{01005651-5793-3C0D-B055-F2548C66F53D} = {01005651-5793-3C0D-B055-F2548C66F53D}
		{3DDC1563-4900-3B5A-9B4C-D00B2A36C624} = {3DDC1563-4900-3B5A-9B4C-D00B2A36C624}
	EndProjectSection
EndProject
Project("{8BC9CEB8-8B4A-11D0-8D11-00A0C91BC942}") = "INSTALL", "INSTALL.vcxproj", "{D11653DE-437F-38F1-B39E-B569E2FA7127}"
	ProjectSection(ProjectDependencies) = postProject
		{1A13B0FE-ED08-3150-849E-CAE95D30FFE1} = {1A13B0FE-ED08-3150-849E-CAE95D30FFE1}
		{01005651-5793-3C0D-B055-F2548C66F53D} = {01005651-5793-3C0D-B055-F2548C66F53D}
	EndProjectSection
EndProject
Project("{8BC9CEB8-8B4A-11D0-8D11-00A0C91BC942}") = "ZERO_CHECK", "..\..\..\\ZERO_CHECK.vcxproj", "{01005651-5793-3C0D-B055-F2548C66F53D}"
	ProjectSection(ProjectDependencies) = postProject
	EndProjectSection
EndProject
Project("{8BC9CEB8-8B4A-11D0-8D11-00A0C91BC942}") = "fastcdr", "..\..\..\_deps\fastcdr_imported-build\src\cpp\fastcdr.vcxproj", "{CC77E1F4-D9D9-3B9E-8D55-D78235E9D410}"
	ProjectSection(ProjectDependencies) = postProject
		{01005651-5793-3C0D-B055-F2548C66F53D} = {01005651-5793-3C0D-B055-F2548C66F53D}
	EndProjectSection
EndProject
Project("{8BC9CEB8-8B4A-11D0-8D11-00A0C91BC942}") = "rosx_introspection", "rosx_introspection.vcxproj", "{3DDC1563-4900-3B5A-9B4C-D00B2A36C624}"
	ProjectSection(ProjectDependencies) = postProject
		{01005651-5793-3C0D-B055-F2548C66F53D} = {01005651-5793-3C0D-B055-F2548C66F53D}
		{CC77E1F4-D9D9-3B9E-8D55-D78235E9D410} = {CC77E1F4-D9D9-3B9E-8D55-D78235E9D410}
	EndProjectSection
EndProject
Global
	GlobalSection(SolutionConfigurationPlatforms) = preSolution
		Debug|x64 = Debug|x64
		Release|x64 = Release|x64
		MinSizeRel|x64 = MinSizeRel|x64
		RelWithDebInfo|x64 = RelWithDebInfo|x64
	EndGlobalSection
	GlobalSection(ProjectConfigurationPlatforms) = postSolution
		{1A13B0FE-ED08-3150-849E-CAE95D30FFE1}.Debug|x64.ActiveCfg = Debug|x64
		{1A13B0FE-ED08-3150-849E-CAE95D30FFE1}.Debug|x64.Build.0 = Debug|x64
		{1A13B0FE-ED08-3150-849E-CAE95D30FFE1}.Release|x64.ActiveCfg = Release|x64
		{1A13B0FE-ED08-3150-849E-CAE95D30FFE1}.Release|x64.Build.0 = Release|x64
		{1A13B0FE-ED08-3150-849E-CAE95D30FFE1}.MinSizeRel|x64.ActiveCfg = MinSizeRel|x64
		{1A13B0FE-ED08-3150-849E-CAE95D30FFE1}.MinSizeRel|x64.Build.0 = MinSizeRel|x64
		{1A13B0FE-ED08-3150-849E-CAE95D30FFE1}.RelWithDebInfo|x64.ActiveCfg = RelWithDebInfo|x64
		{1A13B0FE-ED08-3150-849E-CAE95D30FFE1}.RelWithDebInfo|x64.Build.0 = RelWithDebInfo|x64
		{D11653DE-437F-38F1-B39E-B569E2FA7127}.Debug|x64.ActiveCfg = Debug|x64
		{D11653DE-437F-38F1-B39E-B569E2FA7127}.Release|x64.ActiveCfg = Release|x64
		{D11653DE-437F-38F1-B39E-B569E2FA7127}.MinSizeRel|x64.ActiveCfg = MinSizeRel|x64
		{D11653DE-437F-38F1-B39E-B569E2FA7127}.RelWithDebInfo|x64.ActiveCfg = RelWithDebInfo|x64
		{01005651-5793-3C0D-B055-F2548C66F53D}.Debug|x64.ActiveCfg = Debug|x64
		{01005651-5793-3C0D-B055-F2548C66F53D}.Debug|x64.Build.0 = Debug|x64
		{01005651-5793-3C0D-B055-F2548C66F53D}.Release|x64.ActiveCfg = Release|x64
		{01005651-5793-3C0D-B055-F2548C66F53D}.Release|x64.Build.0 = Release|x64
		{01005651-5793-3C0D-B055-F2548C66F53D}.MinSizeRel|x64.ActiveCfg = MinSizeRel|x64
		{01005651-5793-3C0D-B055-F2548C66F53D}.MinSizeRel|x64.Build.0 = MinSizeRel|x64
		{01005651-5793-3C0D-B055-F2548C66F53D}.RelWithDebInfo|x64.ActiveCfg = RelWithDebInfo|x64
		{01005651-5793-3C0D-B055-F2548C66F53D}.RelWithDebInfo|x64.Build.0 = RelWithDebInfo|x64
		{CC77E1F4-D9D9-3B9E-8D55-D78235E9D410}.Debug|x64.ActiveCfg = Debug|x64
		{CC77E1F4-D9D9-3B9E-8D55-D78235E9D410}.Debug|x64.Build.0 = Debug|x64
		{CC77E1F4-D9D9-3B9E-8D55-D78235E9D410}.Release|x64.ActiveCfg = Release|x64
		{CC77E1F4-D9D9-3B9E-8D55-D78235E9D410}.Release|x64.Build.0 = Release|x64
		{CC77E1F4-D9D9-3B9E-8D55-D78235E9D410}.MinSizeRel|x64.ActiveCfg = MinSizeRel|x64
		{CC77E1F4-D9D9-3B9E-8D55-D78235E9D410}.MinSizeRel|x64.Build.0 = MinSizeRel|x64
		{CC77E1F4-D9D9-3B9E-8D55-D78235E9D410}.RelWithDebInfo|x64.ActiveCfg = RelWithDebInfo|x64
		{CC77E1F4-D9D9-3B9E-8D55-D78235E9D410}.RelWithDebInfo|x64.Build.0 = RelWithDebInfo|x64
		{3DDC1563-4900-3B5A-9B4C-D00B2A36C624}.Debug|x64.ActiveCfg = Debug|x64
		{3DDC1563-4900-3B5A-9B4C-D00B2A36C624}.Debug|x64.Build.0 = Debug|x64
		{3DDC1563-4900-3B5A-9B4C-D00B2A36C624}.Release|x64.ActiveCfg = Release|x64
		{3DDC1563-4900-3B5A-9B4C-D00B2A36C624}.Release|x64.Build.0 = Release|x64
		{3DDC1563-4900-3B5A-9B4C-D00B2A36C624}.MinSizeRel|x64.ActiveCfg = MinSizeRel|x64
		{3DDC1563-4900-3B5A-9B4C-D00B2A36C624}.MinSizeRel|x64.Build.0 = MinSizeRel|x64
		{3DDC1563-4900-3B5A-9B4C-D00B2A36C624}.RelWithDebInfo|x64.ActiveCfg = RelWithDebInfo|x64
		{3DDC1563-4900-3B5A-9B4C-D00B2A36C624}.RelWithDebInfo|x64.Build.0 = RelWithDebInfo|x64
	EndGlobalSection
	GlobalSection(ExtensibilityGlobals) = postSolution
		SolutionGuid = {A98AD225-546D-3F94-9DA2-772A1D5AC4B1}
	EndGlobalSection
	GlobalSection(ExtensibilityAddIns) = postSolution
	EndGlobalSection
EndGlobal
