<?xml version="1.0" encoding="utf-8"?>
<Project ToolsVersion="16.0" xmlns="http://schemas.microsoft.com/developer/msbuild/2003">
  <ItemGroup>
    <ClCompile Include="D:\gitproject\plotjuggler2\plotjuggler_plugins\DataLoadULog\DataLoadULog_autogen\mocs_compilation_Debug.cpp">
      <Filter>Source Files</Filter>
    </ClCompile>
    <ClCompile Include="D:\gitproject\plotjuggler2\plotjuggler_plugins\DataLoadULog\dataload_ulog.cpp">
      <Filter>Source Files</Filter>
    </ClCompile>
    <ClCompile Include="D:\gitproject\plotjuggler2\plotjuggler_plugins\DataLoadULog\ulog_parser.cpp">
      <Filter>Source Files</Filter>
    </ClCompile>
    <ClCompile Include="D:\gitproject\plotjuggler2\plotjuggler_plugins\DataLoadULog\ulog_parameters_dialog.cpp">
      <Filter>Source Files</Filter>
    </ClCompile>
    <ClCompile Include="D:\gitproject\plotjuggler2\plotjuggler_plugins\DataLoadULog\DataLoadULog_autogen\mocs_compilation_Release.cpp">
      <Filter>Source Files</Filter>
    </ClCompile>
    <ClCompile Include="D:\gitproject\plotjuggler2\plotjuggler_plugins\DataLoadULog\DataLoadULog_autogen\mocs_compilation_MinSizeRel.cpp">
      <Filter>Source Files</Filter>
    </ClCompile>
    <ClCompile Include="D:\gitproject\plotjuggler2\plotjuggler_plugins\DataLoadULog\DataLoadULog_autogen\mocs_compilation_RelWithDebInfo.cpp">
      <Filter>Source Files</Filter>
    </ClCompile>
  </ItemGroup>
  <ItemGroup>
    <ClInclude Include="D:\gitproject\plotjuggler2\plotjuggler_plugins\DataLoadULog\ui_selectlistdialog.h">
      <Filter>Header Files</Filter>
    </ClInclude>
    <ClInclude Include="D:\gitproject\plotjuggler2\plotjuggler_plugins\DataLoadULog\ui_ulog_parameters_dialog.h">
      <Filter>Header Files</Filter>
    </ClInclude>
  </ItemGroup>
  <ItemGroup>
    <CustomBuild Include="D:\gitproject\plotjuggler2\plotjuggler_plugins\selectlistdialog.ui" />
    <CustomBuild Include="D:\gitproject\plotjuggler2\plotjuggler_plugins\DataLoadULog\ulog_parameters_dialog.ui" />
    <CustomBuild Include="D:\gitproject\plotjuggler2\plotjuggler_plugins\DataLoadULog\CMakeLists.txt" />
  </ItemGroup>
  <ItemGroup>
    <Filter Include="Header Files">
      <UniqueIdentifier>{E96FCF46-E635-35E6-AE77-DDFA1C8A2D3D}</UniqueIdentifier>
    </Filter>
    <Filter Include="Source Files">
      <UniqueIdentifier>{ECDBFE4B-3387-3200-A654-41B8F81B6218}</UniqueIdentifier>
    </Filter>
  </ItemGroup>
</Project>
